
Microsoft Visual Studio Solution File, Format Version 12.00
# Visual Studio Version 17
VisualStudioVersion = 17.4.33213.308
MinimumVisualStudioVersion = 10.0.40219.1
Project("{F184B08F-C81C-45F6-A57F-5ABD9991F28F}") = "Alarm", "Alarm\Alarm.vbproj", "{55FB7131-7372-42B4-B5D4-4A3D5C9E76C0}"
EndProject
Global
	GlobalSection(SolutionConfigurationPlatforms) = preSolution
		Debug|Any CPU = Debug|Any CPU
		Release|Any CPU = Release|Any CPU
	EndGlobalSection
	GlobalSection(ProjectConfigurationPlatforms) = postSolution
		{55FB7131-7372-42B4-B5D4-4A3D5C9E76C0}.Debug|Any CPU.ActiveCfg = Debug|Any CPU
		{55FB7131-7372-42B4-B5D4-4A3D5C9E76C0}.Debug|Any CPU.Build.0 = Debug|Any CPU
		{55FB7131-7372-42B4-B5D4-4A3D5C9E76C0}.Release|Any CPU.ActiveCfg = Release|Any CPU
		{55FB7131-7372-42B4-B5D4-4A3D5C9E76C0}.Release|Any CPU.Build.0 = Release|Any CPU
	EndGlobalSection
	GlobalSection(SolutionProperties) = preSolution
		HideSolutionNode = FALSE
	EndGlobalSection
	GlobalSection(ExtensibilityGlobals) = postSolution
		SolutionGuid = {DE1DD985-BACA-4BA3-BB3C-BA5F5A4E806D}
	EndGlobalSection
EndGlobal
